
Microsoft Visual Studio Solution File, Format Version 12.00
# Visual Studio Version 17
VisualStudioVersion = 17.14.36414.22
MinimumVisualStudioVersion = 10.0.40219.1
Project("{FAE04EC0-301F-11D3-BF4B-00C04F79EFBC}") = "Hospital.Api", "Hospital.Api.csproj", "{F281226A-CE78-4770-A6B6-23C1512FCD48}"
EndProject
Project("{FAE04EC0-301F-11D3-BF4B-00C04F79EFBC}") = "Hospital.Infrastructure", "..\Hospital.Infrastructure\Hospital.Infrastructure.csproj", "{CC87D104-B84A-4120-BF23-B128D59933C1}"
EndProject
Project("{FAE04EC0-301F-11D3-BF4B-00C04F79EFBC}") = "Hospital.Application", "..\Hospital.Application\Hospital.Application.csproj", "{BDBFEE6F-6C5A-4486-8C03-E7B61AD67C28}"
EndProject
Project("{FAE04EC0-301F-11D3-BF4B-00C04F79EFBC}") = "Hospital.Domain", "..\Hospital.Domain\Hospital.Domain.csproj", "{A3E7922D-65AA-4C7B-AD18-D7620DFBF8FB}"
EndProject
Global
	GlobalSection(SolutionConfigurationPlatforms) = preSolution
		Debug|Any CPU = Debug|Any CPU
		Release|Any CPU = Release|Any CPU
	EndGlobalSection
	GlobalSection(ProjectConfigurationPlatforms) = postSolution
		{F281226A-CE78-4770-A6B6-23C1512FCD48}.Debug|Any CPU.ActiveCfg = Debug|Any CPU
		{F281226A-CE78-4770-A6B6-23C1512FCD48}.Debug|Any CPU.Build.0 = Debug|Any CPU
		{F281226A-CE78-4770-A6B6-23C1512FCD48}.Release|Any CPU.ActiveCfg = Release|Any CPU
		{F281226A-CE78-4770-A6B6-23C1512FCD48}.Release|Any CPU.Build.0 = Release|Any CPU
		{CC87D104-B84A-4120-BF23-B128D59933C1}.Debug|Any CPU.ActiveCfg = Debug|Any CPU
		{CC87D104-B84A-4120-BF23-B128D59933C1}.Debug|Any CPU.Build.0 = Debug|Any CPU
		{CC87D104-B84A-4120-BF23-B128D59933C1}.Release|Any CPU.ActiveCfg = Release|Any CPU
		{CC87D104-B84A-4120-BF23-B128D59933C1}.Release|Any CPU.Build.0 = Release|Any CPU
		{BDBFEE6F-6C5A-4486-8C03-E7B61AD67C28}.Debug|Any CPU.ActiveCfg = Debug|Any CPU
		{BDBFEE6F-6C5A-4486-8C03-E7B61AD67C28}.Debug|Any CPU.Build.0 = Debug|Any CPU
		{BDBFEE6F-6C5A-4486-8C03-E7B61AD67C28}.Release|Any CPU.ActiveCfg = Release|Any CPU
		{BDBFEE6F-6C5A-4486-8C03-E7B61AD67C28}.Release|Any CPU.Build.0 = Release|Any CPU
		{A3E7922D-65AA-4C7B-AD18-D7620DFBF8FB}.Debug|Any CPU.ActiveCfg = Debug|Any CPU
		{A3E7922D-65AA-4C7B-AD18-D7620DFBF8FB}.Debug|Any CPU.Build.0 = Debug|Any CPU
		{A3E7922D-65AA-4C7B-AD18-D7620DFBF8FB}.Release|Any CPU.ActiveCfg = Release|Any CPU
		{A3E7922D-65AA-4C7B-AD18-D7620DFBF8FB}.Release|Any CPU.Build.0 = Release|Any CPU
	EndGlobalSection
	GlobalSection(SolutionProperties) = preSolution
		HideSolutionNode = FALSE
	EndGlobalSection
	GlobalSection(ExtensibilityGlobals) = postSolution
		SolutionGuid = {11129150-5D41-4A63-9134-0AB3DEB2C817}
	EndGlobalSection
EndGlobal
